PODS:
  - Alamofire (4.0.1)
  - Crashlytics (3.8.3):
    - Fabric (~> 1.6.3)
  - Eureka (2.0.0-beta.1)
  - Fabric (1.6.10)
  - Kingfisher (3.1.4)
  - ObjectMapper (2.2.0)
  - Socket.IO-Client-Swift (8.0.2)
  - SwiftyJSON (3.1.1)

DEPENDENCIES:
  - Alamofire
  - Crashlytics
  - Eureka (~> 2.0.0-beta.1)
  - Fabric
  - Kingfisher
  - ObjectMapper
  - Socket.IO-Client-Swift
  - SwiftyJSON

SPEC CHECKSUMS:
  Alamofire: 7682d43245de14874acd142ec137b144aa1dd335
  Crashlytics: 2b6dbe138a42395577cfa73dfa1aa7248cadf39e
  Eureka: d014adf16406745e1a78d5790ea37ed130a0a8e5
  Fabric: c73f371ee543e3f0b80608f2674750e4910d1669
  Kingfisher: 6c67e3e57f2d81a9cfdfa25052cd86f33ceac9bb
  ObjectMapper: 4060d739febae11ab0c6af8d786f98667c82e1bd
  Socket.IO-Client-Swift: 136598e4a81a42b0e6855e7f94a0e5a6efdc5ff8
  SwiftyJSON: f0be2e604f83e8405a624e9f891898bf6ed4e019

PODFILE CHECKSUM: 7da58f2d0b91b04a50fbdfddb30fb3a3684166a7

COCOAPODS: 1.1.0.rc.3
