// !$*UTF8*$!
{
	archiveVersion = 1;
	classes = {
	};
	objectVersion = 46;
	objects = {

/* Begin PBXBuildFile section */
		6005E4EB1D9916A5000B80AE /* TrackObject.swift in Sources */ = {isa = PBXBuildFile; fileRef = 6005E4EA1D9916A5000B80AE /* TrackObject.swift */; };
		601424771D916F0C001159B2 /* Assets.xcassets in Resources */ = {isa = PBXBuildFile; fileRef = 601424761D916F0C001159B2 /* Assets.xcassets */; };
		601424791D9173A3001159B2 /* PlaybackViewController.swift in Sources */ = {isa = PBXBuildFile; fileRef = 601424781D9173A3001159B2 /* PlaybackViewController.swift */; };
		6023A9AF1DAACD9C009810EF /* SettingsViewController.swift in Sources */ = {isa = PBXBuildFile; fileRef = 6023A9AE1DAACD9C009810EF /* SettingsViewController.swift */; };
		602803881DA02E1600055D42 /* TabBarViewController.swift in Sources */ = {isa = PBXBuildFile; fileRef = 602803871DA02E1600055D42 /* TabBarViewController.swift */; };
		6028038A1DA031E200055D42 /* BrowseSourcesTableViewController.swift in Sources */ = {isa = PBXBuildFile; fileRef = 602803891DA031E200055D42 /* BrowseSourcesTableViewController.swift */; };
		602803901DA25CF500055D42 /* QueueTableViewController.swift in Sources */ = {isa = PBXBuildFile; fileRef = 6028038F1DA25CF500055D42 /* QueueTableViewController.swift */; };
		602803931DA27DE500055D42 /* TrackTableViewCell.swift in Sources */ = {isa = PBXBuildFile; fileRef = 602803921DA27DE500055D42 /* TrackTableViewCell.swift */; };
		6028039A1DA2C0CF00055D42 /* Interface.storyboard in Resources */ = {isa = PBXBuildFile; fileRef = 602803981DA2C0CF00055D42 /* Interface.storyboard */; };
		6028039C1DA2C0CF00055D42 /* Assets.xcassets in Resources */ = {isa = PBXBuildFile; fileRef = 6028039B1DA2C0CF00055D42 /* Assets.xcassets */; };
		602803A31DA2C0CF00055D42 /* Volumio Extension.appex in Embed App Extensions */ = {isa = PBXBuildFile; fileRef = 602803A21DA2C0CF00055D42 /* Volumio Extension.appex */; settings = {ATTRIBUTES = (RemoveHeadersOnCopy, ); }; };
		602803AA1DA2C0CF00055D42 /* InterfaceController.swift in Sources */ = {isa = PBXBuildFile; fileRef = 602803A91DA2C0CF00055D42 /* InterfaceController.swift */; };
		602803AC1DA2C0CF00055D42 /* ExtensionDelegate.swift in Sources */ = {isa = PBXBuildFile; fileRef = 602803AB1DA2C0CF00055D42 /* ExtensionDelegate.swift */; };
		602803AE1DA2C0CF00055D42 /* NotificationController.swift in Sources */ = {isa = PBXBuildFile; fileRef = 602803AD1DA2C0CF00055D42 /* NotificationController.swift */; };
		602803B01DA2C0CF00055D42 /* ComplicationController.swift in Sources */ = {isa = PBXBuildFile; fileRef = 602803AF1DA2C0CF00055D42 /* ComplicationController.swift */; };
		602803B21DA2C0CF00055D42 /* Assets.xcassets in Resources */ = {isa = PBXBuildFile; fileRef = 602803B11DA2C0CF00055D42 /* Assets.xcassets */; };
		602803B61DA2C0CF00055D42 /* Volumio.app in Embed Watch Content */ = {isa = PBXBuildFile; fileRef = 602803961DA2C0CF00055D42 /* Volumio.app */; };
		603FF51C1DAE3AD2007E1C50 /* PluginsTableViewController.swift in Sources */ = {isa = PBXBuildFile; fileRef = 603FF51B1DAE3AD2007E1C50 /* PluginsTableViewController.swift */; };
		603FF51E1DAE3CBD007E1C50 /* PluginDetailViewController.swift in Sources */ = {isa = PBXBuildFile; fileRef = 603FF51D1DAE3CBD007E1C50 /* PluginDetailViewController.swift */; };
		605743A91DB143A10087F363 /* SourceObject.swift in Sources */ = {isa = PBXBuildFile; fileRef = 605743A81DB143A10087F363 /* SourceObject.swift */; };
		606D92381DB4BC1A00DBD78A /* LoadingViewController.swift in Sources */ = {isa = PBXBuildFile; fileRef = 606D92371DB4BC1A00DBD78A /* LoadingViewController.swift */; };
		606D923B1DB4C80300DBD78A /* PluginObject.swift in Sources */ = {isa = PBXBuildFile; fileRef = 606D923A1DB4C80300DBD78A /* PluginObject.swift */; };
		606D923D1DB4D3BA00DBD78A /* PluginTableViewCell.swift in Sources */ = {isa = PBXBuildFile; fileRef = 606D923C1DB4D3BA00DBD78A /* PluginTableViewCell.swift */; };
		606D923F1DB4D4FD00DBD78A /* Extensions.swift in Sources */ = {isa = PBXBuildFile; fileRef = 606D923E1DB4D4FD00DBD78A /* Extensions.swift */; };
		606D92431DB6301700DBD78A /* SearchVolumioViewController.swift in Sources */ = {isa = PBXBuildFile; fileRef = 606D92421DB6301700DBD78A /* SearchVolumioViewController.swift */; };
		606D92451DB677BD00DBD78A /* SelectPlayerTableViewCell.swift in Sources */ = {isa = PBXBuildFile; fileRef = 606D92441DB677BD00DBD78A /* SelectPlayerTableViewCell.swift */; };
		6072D0321DAD31A1006D7E45 /* QCMethod.swift in Sources */ = {isa = PBXBuildFile; fileRef = 6072D0311DAD31A1006D7E45 /* QCMethod.swift */; };
		6072D0351DAD3271006D7E45 /* PowerOnSwitchView.swift in Sources */ = {isa = PBXBuildFile; fileRef = 6072D0341DAD3271006D7E45 /* PowerOnSwitchView.swift */; };
		6074D2731DBB899C000F2285 /* BrowseSearchTableViewController.swift in Sources */ = {isa = PBXBuildFile; fileRef = 6074D2721DBB899C000F2285 /* BrowseSearchTableViewController.swift */; };
		6074D2751DBB9273000F2285 /* SearchResultObject.swift in Sources */ = {isa = PBXBuildFile; fileRef = 6074D2741DBB9273000F2285 /* SearchResultObject.swift */; };
		6074D2771DBDFE35000F2285 /* SwiftNotice.swift in Sources */ = {isa = PBXBuildFile; fileRef = 6074D2761DBDFE35000F2285 /* SwiftNotice.swift */; };
		6074D2821DBE5125000F2285 /* BrowseFolderTableViewController.swift in Sources */ = {isa = PBXBuildFile; fileRef = 6074D2811DBE5125000F2285 /* BrowseFolderTableViewController.swift */; };
		607ADC701DBF42680090F038 /* QueueTableViewCell.swift in Sources */ = {isa = PBXBuildFile; fileRef = 607ADC6F1DBF42680090F038 /* QueueTableViewCell.swift */; };
		6086E2AB1D9133A50067A8B5 /* AppDelegate.swift in Sources */ = {isa = PBXBuildFile; fileRef = 6086E2AA1D9133A50067A8B5 /* AppDelegate.swift */; };
		6086E2B71D9133A50067A8B5 /* LaunchScreen.storyboard in Resources */ = {isa = PBXBuildFile; fileRef = 6086E2B51D9133A50067A8B5 /* LaunchScreen.storyboard */; };
		60AE8C7D1DBA4C5900B1E0C8 /* NetworksTableViewController.swift in Sources */ = {isa = PBXBuildFile; fileRef = 60AE8C7C1DBA4C5900B1E0C8 /* NetworksTableViewController.swift */; };
		60AE8C7F1DBA4F0900B1E0C8 /* NetworkObject.swift in Sources */ = {isa = PBXBuildFile; fileRef = 60AE8C7E1DBA4F0900B1E0C8 /* NetworkObject.swift */; };
		60BC9ED81D9D148D00AEBBFF /* LastFmManager.swift in Sources */ = {isa = PBXBuildFile; fileRef = 60BC9ED71D9D148D00AEBBFF /* LastFmManager.swift */; };
		60E781991DABCC9800C48A43 /* LibraryObject.swift in Sources */ = {isa = PBXBuildFile; fileRef = 60E781981DABCC9800C48A43 /* LibraryObject.swift */; };
		60E7819F1DABE36D00C48A43 /* Main.storyboard in Resources */ = {isa = PBXBuildFile; fileRef = 60E7819E1DABE36D00C48A43 /* Main.storyboard */; };
		60E781A11DABE76300C48A43 /* FolderTableViewCell.swift in Sources */ = {isa = PBXBuildFile; fileRef = 60E781A01DABE76300C48A43 /* FolderTableViewCell.swift */; };
		60FD46DB1D928CE700E2E155 /* SocketIOManager.swift in Sources */ = {isa = PBXBuildFile; fileRef = 60FD46DA1D928CE700E2E155 /* SocketIOManager.swift */; };
		F9FF5511CFAA090301EC9FD1 /* Pods_Volumio_iOS.framework in Frameworks */ = {isa = PBXBuildFile; fileRef = 648D65B3285B5A4FD1190811 /* Pods_Volumio_iOS.framework */; };
/* End PBXBuildFile section */

/* Begin PBXContainerItemProxy section */
		602803A41DA2C0CF00055D42 /* PBXContainerItemProxy */ = {
			isa = PBXContainerItemProxy;
			containerPortal = 6086E29F1D9133A50067A8B5 /* Project object */;
			proxyType = 1;
			remoteGlobalIDString = 602803A11DA2C0CF00055D42;
			remoteInfo = "Volumio Extension";
		};
		602803B41DA2C0CF00055D42 /* PBXContainerItemProxy */ = {
			isa = PBXContainerItemProxy;
			containerPortal = 6086E29F1D9133A50067A8B5 /* Project object */;
			proxyType = 1;
			remoteGlobalIDString = 602803951DA2C0CF00055D42;
			remoteInfo = Volumio;
		};
/* End PBXContainerItemProxy section */

/* Begin PBXCopyFilesBuildPhase section */
		602803BC1DA2C0CF00055D42 /* Embed App Extensions */ = {
			isa = PBXCopyFilesBuildPhase;
			buildActionMask = 2147483647;
			dstPath = "";
			dstSubfolderSpec = 13;
			files = (
				602803A31DA2C0CF00055D42 /* Volumio Extension.appex in Embed App Extensions */,
			);
			name = "Embed App Extensions";
			runOnlyForDeploymentPostprocessing = 0;
		};
		602803BE1DA2C0CF00055D42 /* Embed Watch Content */ = {
			isa = PBXCopyFilesBuildPhase;
			buildActionMask = 2147483647;
			dstPath = "$(CONTENTS_FOLDER_PATH)/Watch";
			dstSubfolderSpec = 16;
			files = (
				602803B61DA2C0CF00055D42 /* Volumio.app in Embed Watch Content */,
			);
			name = "Embed Watch Content";
			runOnlyForDeploymentPostprocessing = 0;
		};
/* End PBXCopyFilesBuildPhase section */

/* Begin PBXFileReference section */
		34E1700E8CD6C8F51FA00170 /* Pods-Volumio-iOS.debug.xcconfig */ = {isa = PBXFileReference; includeInIndex = 1; lastKnownFileType = text.xcconfig; name = "Pods-Volumio-iOS.debug.xcconfig"; path = "Pods/Target Support Files/Pods-Volumio-iOS/Pods-Volumio-iOS.debug.xcconfig"; sourceTree = "<group>"; };
		6005E4EA1D9916A5000B80AE /* TrackObject.swift */ = {isa = PBXFileReference; fileEncoding = 4; lastKnownFileType = sourcecode.swift; path = TrackObject.swift; sourceTree = "<group>"; };
		601424761D916F0C001159B2 /* Assets.xcassets */ = {isa = PBXFileReference; lastKnownFileType = folder.assetcatalog; path = Assets.xcassets; sourceTree = "<group>"; };
		601424781D9173A3001159B2 /* PlaybackViewController.swift */ = {isa = PBXFileReference; fileEncoding = 4; lastKnownFileType = sourcecode.swift; path = PlaybackViewController.swift; sourceTree = "<group>"; };
		6023A9AE1DAACD9C009810EF /* SettingsViewController.swift */ = {isa = PBXFileReference; fileEncoding = 4; lastKnownFileType = sourcecode.swift; path = SettingsViewController.swift; sourceTree = "<group>"; };
		602803871DA02E1600055D42 /* TabBarViewController.swift */ = {isa = PBXFileReference; fileEncoding = 4; lastKnownFileType = sourcecode.swift; path = TabBarViewController.swift; sourceTree = "<group>"; };
		602803891DA031E200055D42 /* BrowseSourcesTableViewController.swift */ = {isa = PBXFileReference; fileEncoding = 4; lastKnownFileType = sourcecode.swift; path = BrowseSourcesTableViewController.swift; sourceTree = "<group>"; };
		6028038F1DA25CF500055D42 /* QueueTableViewController.swift */ = {isa = PBXFileReference; fileEncoding = 4; lastKnownFileType = sourcecode.swift; path = QueueTableViewController.swift; sourceTree = "<group>"; };
		602803921DA27DE500055D42 /* TrackTableViewCell.swift */ = {isa = PBXFileReference; fileEncoding = 4; lastKnownFileType = sourcecode.swift; path = TrackTableViewCell.swift; sourceTree = "<group>"; };
		602803961DA2C0CF00055D42 /* Volumio.app */ = {isa = PBXFileReference; explicitFileType = wrapper.application; includeInIndex = 0; path = Volumio.app; sourceTree = BUILT_PRODUCTS_DIR; };
		602803991DA2C0CF00055D42 /* Base */ = {isa = PBXFileReference; lastKnownFileType = file.storyboard; name = Base; path = Base.lproj/Interface.storyboard; sourceTree = "<group>"; };
		6028039B1DA2C0CF00055D42 /* Assets.xcassets */ = {isa = PBXFileReference; lastKnownFileType = folder.assetcatalog; path = Assets.xcassets; sourceTree = "<group>"; };
		6028039D1DA2C0CF00055D42 /* Info.plist */ = {isa = PBXFileReference; lastKnownFileType = text.plist.xml; path = Info.plist; sourceTree = "<group>"; };
		602803A21DA2C0CF00055D42 /* Volumio Extension.appex */ = {isa = PBXFileReference; explicitFileType = "wrapper.app-extension"; includeInIndex = 0; path = "Volumio Extension.appex"; sourceTree = BUILT_PRODUCTS_DIR; };
		602803A81DA2C0CF00055D42 /* PushNotificationPayload.apns */ = {isa = PBXFileReference; lastKnownFileType = text; path = PushNotificationPayload.apns; sourceTree = "<group>"; };
		602803A91DA2C0CF00055D42 /* InterfaceController.swift */ = {isa = PBXFileReference; lastKnownFileType = sourcecode.swift; path = InterfaceController.swift; sourceTree = "<group>"; };
		602803AB1DA2C0CF00055D42 /* ExtensionDelegate.swift */ = {isa = PBXFileReference; lastKnownFileType = sourcecode.swift; path = ExtensionDelegate.swift; sourceTree = "<group>"; };
		602803AD1DA2C0CF00055D42 /* NotificationController.swift */ = {isa = PBXFileReference; lastKnownFileType = sourcecode.swift; path = NotificationController.swift; sourceTree = "<group>"; };
		602803AF1DA2C0CF00055D42 /* ComplicationController.swift */ = {isa = PBXFileReference; lastKnownFileType = sourcecode.swift; path = ComplicationController.swift; sourceTree = "<group>"; };
		602803B11DA2C0CF00055D42 /* Assets.xcassets */ = {isa = PBXFileReference; lastKnownFileType = folder.assetcatalog; path = Assets.xcassets; sourceTree = "<group>"; };
		602803B31DA2C0CF00055D42 /* Info.plist */ = {isa = PBXFileReference; lastKnownFileType = text.plist.xml; path = Info.plist; sourceTree = "<group>"; };
		603FF51B1DAE3AD2007E1C50 /* PluginsTableViewController.swift */ = {isa = PBXFileReference; fileEncoding = 4; lastKnownFileType = sourcecode.swift; path = PluginsTableViewController.swift; sourceTree = "<group>"; };
		603FF51D1DAE3CBD007E1C50 /* PluginDetailViewController.swift */ = {isa = PBXFileReference; fileEncoding = 4; lastKnownFileType = sourcecode.swift; path = PluginDetailViewController.swift; sourceTree = "<group>"; };
		605743A81DB143A10087F363 /* SourceObject.swift */ = {isa = PBXFileReference; fileEncoding = 4; lastKnownFileType = sourcecode.swift; path = SourceObject.swift; sourceTree = "<group>"; };
		606D92371DB4BC1A00DBD78A /* LoadingViewController.swift */ = {isa = PBXFileReference; fileEncoding = 4; lastKnownFileType = sourcecode.swift; path = LoadingViewController.swift; sourceTree = "<group>"; };
		606D923A1DB4C80300DBD78A /* PluginObject.swift */ = {isa = PBXFileReference; fileEncoding = 4; lastKnownFileType = sourcecode.swift; path = PluginObject.swift; sourceTree = "<group>"; };
		606D923C1DB4D3BA00DBD78A /* PluginTableViewCell.swift */ = {isa = PBXFileReference; fileEncoding = 4; lastKnownFileType = sourcecode.swift; path = PluginTableViewCell.swift; sourceTree = "<group>"; };
		606D923E1DB4D4FD00DBD78A /* Extensions.swift */ = {isa = PBXFileReference; fileEncoding = 4; lastKnownFileType = sourcecode.swift; path = Extensions.swift; sourceTree = "<group>"; };
		606D92421DB6301700DBD78A /* SearchVolumioViewController.swift */ = {isa = PBXFileReference; fileEncoding = 4; lastKnownFileType = sourcecode.swift; path = SearchVolumioViewController.swift; sourceTree = "<group>"; };
		606D92441DB677BD00DBD78A /* SelectPlayerTableViewCell.swift */ = {isa = PBXFileReference; fileEncoding = 4; lastKnownFileType = sourcecode.swift; path = SelectPlayerTableViewCell.swift; sourceTree = "<group>"; };
		6072D0311DAD31A1006D7E45 /* QCMethod.swift */ = {isa = PBXFileReference; fileEncoding = 4; lastKnownFileType = sourcecode.swift; path = QCMethod.swift; sourceTree = "<group>"; };
		6072D0341DAD3271006D7E45 /* PowerOnSwitchView.swift */ = {isa = PBXFileReference; fileEncoding = 4; lastKnownFileType = sourcecode.swift; path = PowerOnSwitchView.swift; sourceTree = "<group>"; };
		6074D2721DBB899C000F2285 /* BrowseSearchTableViewController.swift */ = {isa = PBXFileReference; fileEncoding = 4; lastKnownFileType = sourcecode.swift; path = BrowseSearchTableViewController.swift; sourceTree = "<group>"; };
		6074D2741DBB9273000F2285 /* SearchResultObject.swift */ = {isa = PBXFileReference; fileEncoding = 4; lastKnownFileType = sourcecode.swift; path = SearchResultObject.swift; sourceTree = "<group>"; };
		6074D2761DBDFE35000F2285 /* SwiftNotice.swift */ = {isa = PBXFileReference; fileEncoding = 4; lastKnownFileType = sourcecode.swift; path = SwiftNotice.swift; sourceTree = "<group>"; };
		6074D2811DBE5125000F2285 /* BrowseFolderTableViewController.swift */ = {isa = PBXFileReference; fileEncoding = 4; lastKnownFileType = sourcecode.swift; path = BrowseFolderTableViewController.swift; sourceTree = "<group>"; };
		607ADC6F1DBF42680090F038 /* QueueTableViewCell.swift */ = {isa = PBXFileReference; fileEncoding = 4; lastKnownFileType = sourcecode.swift; path = QueueTableViewCell.swift; sourceTree = "<group>"; };
		6086E2A71D9133A50067A8B5 /* Volumio-iOS.app */ = {isa = PBXFileReference; explicitFileType = wrapper.application; includeInIndex = 0; path = "Volumio-iOS.app"; sourceTree = BUILT_PRODUCTS_DIR; };
		6086E2AA1D9133A50067A8B5 /* AppDelegate.swift */ = {isa = PBXFileReference; lastKnownFileType = sourcecode.swift; path = AppDelegate.swift; sourceTree = "<group>"; };
		6086E2B61D9133A50067A8B5 /* Base */ = {isa = PBXFileReference; lastKnownFileType = file.storyboard; name = Base; path = Base.lproj/LaunchScreen.storyboard; sourceTree = "<group>"; };
		6086E2B81D9133A50067A8B5 /* Info.plist */ = {isa = PBXFileReference; lastKnownFileType = text.plist.xml; path = Info.plist; sourceTree = "<group>"; };
		60AE8C7C1DBA4C5900B1E0C8 /* NetworksTableViewController.swift */ = {isa = PBXFileReference; fileEncoding = 4; lastKnownFileType = sourcecode.swift; path = NetworksTableViewController.swift; sourceTree = "<group>"; };
		60AE8C7E1DBA4F0900B1E0C8 /* NetworkObject.swift */ = {isa = PBXFileReference; fileEncoding = 4; lastKnownFileType = sourcecode.swift; path = NetworkObject.swift; sourceTree = "<group>"; };
		60BC9ED71D9D148D00AEBBFF /* LastFmManager.swift */ = {isa = PBXFileReference; fileEncoding = 4; lastKnownFileType = sourcecode.swift; path = LastFmManager.swift; sourceTree = "<group>"; };
		60E781981DABCC9800C48A43 /* LibraryObject.swift */ = {isa = PBXFileReference; fileEncoding = 4; lastKnownFileType = sourcecode.swift; path = LibraryObject.swift; sourceTree = "<group>"; };
		60E7819E1DABE36D00C48A43 /* Main.storyboard */ = {isa = PBXFileReference; fileEncoding = 4; lastKnownFileType = file.storyboard; path = Main.storyboard; sourceTree = "<group>"; };
		60E781A01DABE76300C48A43 /* FolderTableViewCell.swift */ = {isa = PBXFileReference; fileEncoding = 4; lastKnownFileType = sourcecode.swift; path = FolderTableViewCell.swift; sourceTree = "<group>"; };
		60FD46DA1D928CE700E2E155 /* SocketIOManager.swift */ = {isa = PBXFileReference; fileEncoding = 4; lastKnownFileType = sourcecode.swift; path = SocketIOManager.swift; sourceTree = "<group>"; };
		648D65B3285B5A4FD1190811 /* Pods_Volumio_iOS.framework */ = {isa = PBXFileReference; explicitFileType = wrapper.framework; includeInIndex = 0; path = Pods_Volumio_iOS.framework; sourceTree = BUILT_PRODUCTS_DIR; };
		E501DC537BB78B6FDB36A4E0 /* Pods-Volumio-iOS.release.xcconfig */ = {isa = PBXFileReference; includeInIndex = 1; lastKnownFileType = text.xcconfig; name = "Pods-Volumio-iOS.release.xcconfig"; path = "Pods/Target Support Files/Pods-Volumio-iOS/Pods-Volumio-iOS.release.xcconfig"; sourceTree = "<group>"; };
/* End PBXFileReference section */

/* Begin PBXFrameworksBuildPhase section */
		055989AD8505DA472DCA71B5 /* Frameworks */ = {
			isa = PBXFrameworksBuildPhase;
			buildActionMask = 2147483647;
			files = (
			);
			runOnlyForDeploymentPostprocessing = 0;
		};
		6028039F1DA2C0CF00055D42 /* Frameworks */ = {
			isa = PBXFrameworksBuildPhase;
			buildActionMask = 2147483647;
			files = (
			);
			runOnlyForDeploymentPostprocessing = 0;
		};
		6086E2A41D9133A50067A8B5 /* Frameworks */ = {
			isa = PBXFrameworksBuildPhase;
			buildActionMask = 2147483647;
			files = (
				F9FF5511CFAA090301EC9FD1 /* Pods_Volumio_iOS.framework in Frameworks */,
			);
			runOnlyForDeploymentPostprocessing = 0;
		};
/* End PBXFrameworksBuildPhase section */

/* Begin PBXGroup section */
		6005E4E91D99168A000B80AE /* Models */ = {
			isa = PBXGroup;
			children = (
				605743A81DB143A10087F363 /* SourceObject.swift */,
				60E781981DABCC9800C48A43 /* LibraryObject.swift */,
				6005E4EA1D9916A5000B80AE /* TrackObject.swift */,
				606D923A1DB4C80300DBD78A /* PluginObject.swift */,
				60AE8C7E1DBA4F0900B1E0C8 /* NetworkObject.swift */,
				6074D2741DBB9273000F2285 /* SearchResultObject.swift */,
			);
			name = Models;
			sourceTree = "<group>";
		};
		6014247A1D9173AD001159B2 /* Controllers */ = {
			isa = PBXGroup;
			children = (
				606D92371DB4BC1A00DBD78A /* LoadingViewController.swift */,
				606D92421DB6301700DBD78A /* SearchVolumioViewController.swift */,
				602803871DA02E1600055D42 /* TabBarViewController.swift */,
				601424781D9173A3001159B2 /* PlaybackViewController.swift */,
				6074D27C1DBE12AC000F2285 /* Browse */,
				6028038F1DA25CF500055D42 /* QueueTableViewController.swift */,
				6023A9AE1DAACD9C009810EF /* SettingsViewController.swift */,
				603FF51B1DAE3AD2007E1C50 /* PluginsTableViewController.swift */,
				603FF51D1DAE3CBD007E1C50 /* PluginDetailViewController.swift */,
				60AE8C7C1DBA4C5900B1E0C8 /* NetworksTableViewController.swift */,
			);
			name = Controllers;
			sourceTree = "<group>";
		};
		6014247B1D9173C4001159B2 /* Manager */ = {
			isa = PBXGroup;
			children = (
				60FD46DA1D928CE700E2E155 /* SocketIOManager.swift */,
				60BC9ED71D9D148D00AEBBFF /* LastFmManager.swift */,
			);
			name = Manager;
			sourceTree = "<group>";
		};
		602803911DA27DCA00055D42 /* Views */ = {
			isa = PBXGroup;
			children = (
				6072D0341DAD3271006D7E45 /* PowerOnSwitchView.swift */,
				606D92441DB677BD00DBD78A /* SelectPlayerTableViewCell.swift */,
				602803921DA27DE500055D42 /* TrackTableViewCell.swift */,
				607ADC6F1DBF42680090F038 /* QueueTableViewCell.swift */,
				60E781A01DABE76300C48A43 /* FolderTableViewCell.swift */,
				606D923C1DB4D3BA00DBD78A /* PluginTableViewCell.swift */,
			);
			name = Views;
			sourceTree = "<group>";
		};
		602803971DA2C0CF00055D42 /* Volumio */ = {
			isa = PBXGroup;
			children = (
				602803981DA2C0CF00055D42 /* Interface.storyboard */,
				6028039B1DA2C0CF00055D42 /* Assets.xcassets */,
				6028039D1DA2C0CF00055D42 /* Info.plist */,
			);
			path = Volumio;
			sourceTree = "<group>";
		};
		602803A61DA2C0CF00055D42 /* Volumio Extension */ = {
			isa = PBXGroup;
			children = (
				602803A91DA2C0CF00055D42 /* InterfaceController.swift */,
				602803AB1DA2C0CF00055D42 /* ExtensionDelegate.swift */,
				602803AD1DA2C0CF00055D42 /* NotificationController.swift */,
				602803AF1DA2C0CF00055D42 /* ComplicationController.swift */,
				602803B11DA2C0CF00055D42 /* Assets.xcassets */,
				602803B31DA2C0CF00055D42 /* Info.plist */,
				602803A71DA2C0CF00055D42 /* Supporting Files */,
			);
			path = "Volumio Extension";
			sourceTree = "<group>";
		};
		602803A71DA2C0CF00055D42 /* Supporting Files */ = {
			isa = PBXGroup;
			children = (
				602803A81DA2C0CF00055D42 /* PushNotificationPayload.apns */,
			);
			name = "Supporting Files";
			sourceTree = "<group>";
		};
		6072D0331DAD31A5006D7E45 /* Utility */ = {
			isa = PBXGroup;
			children = (
				6074D2761DBDFE35000F2285 /* SwiftNotice.swift */,
				6072D0311DAD31A1006D7E45 /* QCMethod.swift */,
				606D923E1DB4D4FD00DBD78A /* Extensions.swift */,
			);
			name = Utility;
			sourceTree = "<group>";
		};
		6074D27C1DBE12AC000F2285 /* Browse */ = {
			isa = PBXGroup;
			children = (
				6074D2721DBB899C000F2285 /* BrowseSearchTableViewController.swift */,
				602803891DA031E200055D42 /* BrowseSourcesTableViewController.swift */,
				6074D2811DBE5125000F2285 /* BrowseFolderTableViewController.swift */,
			);
			name = Browse;
			sourceTree = "<group>";
		};
		6086E29E1D9133A50067A8B5 = {
			isa = PBXGroup;
			children = (
				6086E2A91D9133A50067A8B5 /* Volumio-iOS */,
				602803971DA2C0CF00055D42 /* Volumio */,
				602803A61DA2C0CF00055D42 /* Volumio Extension */,
				6086E2A81D9133A50067A8B5 /* Products */,
				B86260B29102044B72DD60D9 /* Pods */,
				9051AE3E5FA14F9AC25A3619 /* Frameworks */,
			);
			sourceTree = "<group>";
		};
		6086E2A81D9133A50067A8B5 /* Products */ = {
			isa = PBXGroup;
			children = (
				6086E2A71D9133A50067A8B5 /* Volumio-iOS.app */,
				602803961DA2C0CF00055D42 /* Volumio.app */,
				602803A21DA2C0CF00055D42 /* Volumio Extension.appex */,
			);
			name = Products;
			sourceTree = "<group>";
		};
		6086E2A91D9133A50067A8B5 /* Volumio-iOS */ = {
			isa = PBXGroup;
			children = (
				6086E2AA1D9133A50067A8B5 /* AppDelegate.swift */,
				6014247B1D9173C4001159B2 /* Manager */,
				6014247A1D9173AD001159B2 /* Controllers */,
				6005E4E91D99168A000B80AE /* Models */,
				602803911DA27DCA00055D42 /* Views */,
				6072D0331DAD31A5006D7E45 /* Utility */,
				60E7819E1DABE36D00C48A43 /* Main.storyboard */,
				6086E2B51D9133A50067A8B5 /* LaunchScreen.storyboard */,
				601424761D916F0C001159B2 /* Assets.xcassets */,
				6086E2B81D9133A50067A8B5 /* Info.plist */,
			);
			path = "Volumio-iOS";
			sourceTree = "<group>";
		};
		9051AE3E5FA14F9AC25A3619 /* Frameworks */ = {
			isa = PBXGroup;
			children = (
				648D65B3285B5A4FD1190811 /* Pods_Volumio_iOS.framework */,
			);
			name = Frameworks;
			sourceTree = "<group>";
		};
		B86260B29102044B72DD60D9 /* Pods */ = {
			isa = PBXGroup;
			children = (
				34E1700E8CD6C8F51FA00170 /* Pods-Volumio-iOS.debug.xcconfig */,
				E501DC537BB78B6FDB36A4E0 /* Pods-Volumio-iOS.release.xcconfig */,
			);
			name = Pods;
			sourceTree = "<group>";
		};
/* End PBXGroup section */

/* Begin PBXNativeTarget section */
		602803951DA2C0CF00055D42 /* Volumio */ = {
			isa = PBXNativeTarget;
			buildConfigurationList = 602803BD1DA2C0CF00055D42 /* Build configuration list for PBXNativeTarget "Volumio" */;
			buildPhases = (
				602803941DA2C0CF00055D42 /* Resources */,
				602803BC1DA2C0CF00055D42 /* Embed App Extensions */,
				055989AD8505DA472DCA71B5 /* Frameworks */,
			);
			buildRules = (
			);
			dependencies = (
				602803A51DA2C0CF00055D42 /* PBXTargetDependency */,
			);
			name = Volumio;
			productName = Volumio;
			productReference = 602803961DA2C0CF00055D42 /* Volumio.app */;
			productType = "com.apple.product-type.application.watchapp2";
		};
		602803A11DA2C0CF00055D42 /* Volumio Extension */ = {
			isa = PBXNativeTarget;
			buildConfigurationList = 602803BB1DA2C0CF00055D42 /* Build configuration list for PBXNativeTarget "Volumio Extension" */;
			buildPhases = (
				6028039E1DA2C0CF00055D42 /* Sources */,
				6028039F1DA2C0CF00055D42 /* Frameworks */,
				602803A01DA2C0CF00055D42 /* Resources */,
			);
			buildRules = (
			);
			dependencies = (
			);
			name = "Volumio Extension";
			productName = "Volumio Extension";
			productReference = 602803A21DA2C0CF00055D42 /* Volumio Extension.appex */;
			productType = "com.apple.product-type.watchkit2-extension";
		};
		6086E2A61D9133A50067A8B5 /* Volumio-iOS */ = {
			isa = PBXNativeTarget;
			buildConfigurationList = 6086E2BB1D9133A50067A8B5 /* Build configuration list for PBXNativeTarget "Volumio-iOS" */;
			buildPhases = (
				33814AE97C0D6B75E28E410F /* [CP] Check Pods Manifest.lock */,
				6086E2A31D9133A50067A8B5 /* Sources */,
				6086E2A41D9133A50067A8B5 /* Frameworks */,
				6086E2A51D9133A50067A8B5 /* Resources */,
				B5FE78A908105098119D3EDC /* [CP] Embed Pods Frameworks */,
				15AD8FBD9ABC016773436C82 /* [CP] Copy Pods Resources */,
				602803BE1DA2C0CF00055D42 /* Embed Watch Content */,
				60AE8C7B1DBA3B4100B1E0C8 /* ShellScript */,
			);
			buildRules = (
			);
			dependencies = (
				602803B51DA2C0CF00055D42 /* PBXTargetDependency */,
			);
			name = "Volumio-iOS";
			productName = "Volumio-iOS";
			productReference = 6086E2A71D9133A50067A8B5 /* Volumio-iOS.app */;
			productType = "com.apple.product-type.application";
		};
/* End PBXNativeTarget section */

/* Begin PBXProject section */
		6086E29F1D9133A50067A8B5 /* Project object */ = {
			isa = PBXProject;
			attributes = {
				LastSwiftUpdateCheck = 0800;
				LastUpgradeCheck = 0800;
				ORGANIZATIONNAME = "Federico Sintucci";
				TargetAttributes = {
					602803951DA2C0CF00055D42 = {
						CreatedOnToolsVersion = 8.0;
						DevelopmentTeam = 7VJCA99LU5;
						ProvisioningStyle = Automatic;
					};
					602803A11DA2C0CF00055D42 = {
						CreatedOnToolsVersion = 8.0;
						DevelopmentTeam = 7VJCA99LU5;
						ProvisioningStyle = Automatic;
					};
					6086E2A61D9133A50067A8B5 = {
						CreatedOnToolsVersion = 8.0;
						DevelopmentTeam = 7VJCA99LU5;
						LastSwiftMigration = 0800;
						ProvisioningStyle = Automatic;
					};
				};
			};
			buildConfigurationList = 6086E2A21D9133A50067A8B5 /* Build configuration list for PBXProject "Volumio-iOS" */;
			compatibilityVersion = "Xcode 3.2";
			developmentRegion = English;
			hasScannedForEncodings = 0;
			knownRegions = (
				en,
				Base,
			);
			mainGroup = 6086E29E1D9133A50067A8B5;
			productRefGroup = 6086E2A81D9133A50067A8B5 /* Products */;
			projectDirPath = "";
			projectRoot = "";
			targets = (
				6086E2A61D9133A50067A8B5 /* Volumio-iOS */,
				602803951DA2C0CF00055D42 /* Volumio */,
				602803A11DA2C0CF00055D42 /* Volumio Extension */,
			);
		};
/* End PBXProject section */

/* Begin PBXResourcesBuildPhase section */
		602803941DA2C0CF00055D42 /* Resources */ = {
			isa = PBXResourcesBuildPhase;
			buildActionMask = 2147483647;
			files = (
				6028039C1DA2C0CF00055D42 /* Assets.xcassets in Resources */,
				6028039A1DA2C0CF00055D42 /* Interface.storyboard in Resources */,
			);
			runOnlyForDeploymentPostprocessing = 0;
		};
		602803A01DA2C0CF00055D42 /* Resources */ = {
			isa = PBXResourcesBuildPhase;
			buildActionMask = 2147483647;
			files = (
				602803B21DA2C0CF00055D42 /* Assets.xcassets in Resources */,
			);
			runOnlyForDeploymentPostprocessing = 0;
		};
		6086E2A51D9133A50067A8B5 /* Resources */ = {
			isa = PBXResourcesBuildPhase;
			buildActionMask = 2147483647;
			files = (
				60E7819F1DABE36D00C48A43 /* Main.storyboard in Resources */,
				6086E2B71D9133A50067A8B5 /* LaunchScreen.storyboard in Resources */,
				601424771D916F0C001159B2 /* Assets.xcassets in Resources */,
			);
			runOnlyForDeploymentPostprocessing = 0;
		};
/* End PBXResourcesBuildPhase section */

/* Begin PBXShellScriptBuildPhase section */
		15AD8FBD9ABC016773436C82 /* [CP] Copy Pods Resources */ = {
			isa = PBXShellScriptBuildPhase;
			buildActionMask = 2147483647;
			files = (
			);
			inputPaths = (
			);
			name = "[CP] Copy Pods Resources";
			outputPaths = (
			);
			runOnlyForDeploymentPostprocessing = 0;
			shellPath = /bin/sh;
			shellScript = "\"${SRCROOT}/Pods/Target Support Files/Pods-Volumio-iOS/Pods-Volumio-iOS-resources.sh\"\n";
			showEnvVarsInLog = 0;
		};
		33814AE97C0D6B75E28E410F /* [CP] Check Pods Manifest.lock */ = {
			isa = PBXShellScriptBuildPhase;
			buildActionMask = 2147483647;
			files = (
			);
			inputPaths = (
			);
			name = "[CP] Check Pods Manifest.lock";
			outputPaths = (
			);
			runOnlyForDeploymentPostprocessing = 0;
			shellPath = /bin/sh;
			shellScript = "diff \"${PODS_ROOT}/../Podfile.lock\" \"${PODS_ROOT}/Manifest.lock\" > /dev/null\nif [ $? != 0 ] ; then\n    # print error to STDERR\n    echo \"error: The sandbox is not in sync with the Podfile.lock. Run 'pod install' or update your CocoaPods installation.\" >&2\n    exit 1\nfi\n";
			showEnvVarsInLog = 0;
		};
		60AE8C7B1DBA3B4100B1E0C8 /* ShellScript */ = {
			isa = PBXShellScriptBuildPhase;
			buildActionMask = 2147483647;
			files = (
			);
			inputPaths = (
			);
			outputPaths = (
			);
			runOnlyForDeploymentPostprocessing = 0;
			shellPath = /bin/sh;
			shellScript = "${PODS_ROOT}/Fabric/run d7c31a712b9985362e9637220bf4dcfaa757c733 675d388aedd31ecf6fe6eec0f6ef812b0ac5a5a23b09a140fc1cd60b65431f54";
		};
		B5FE78A908105098119D3EDC /* [CP] Embed Pods Frameworks */ = {
			isa = PBXShellScriptBuildPhase;
			buildActionMask = 2147483647;
			files = (
			);
			inputPaths = (
			);
			name = "[CP] Embed Pods Frameworks";
			outputPaths = (
			);
			runOnlyForDeploymentPostprocessing = 0;
			shellPath = /bin/sh;
			shellScript = "\"${SRCROOT}/Pods/Target Support Files/Pods-Volumio-iOS/Pods-Volumio-iOS-frameworks.sh\"\n";
			showEnvVarsInLog = 0;
		};
/* End PBXShellScriptBuildPhase section */

/* Begin PBXSourcesBuildPhase section */
		6028039E1DA2C0CF00055D42 /* Sources */ = {
			isa = PBXSourcesBuildPhase;
			buildActionMask = 2147483647;
			files = (
				602803AE1DA2C0CF00055D42 /* NotificationController.swift in Sources */,
				602803B01DA2C0CF00055D42 /* ComplicationController.swift in Sources */,
				602803AC1DA2C0CF00055D42 /* ExtensionDelegate.swift in Sources */,
				602803AA1DA2C0CF00055D42 /* InterfaceController.swift in Sources */,
			);
			runOnlyForDeploymentPostprocessing = 0;
		};
		6086E2A31D9133A50067A8B5 /* Sources */ = {
			isa = PBXSourcesBuildPhase;
			buildActionMask = 2147483647;
			files = (
				6086E2AB1D9133A50067A8B5 /* AppDelegate.swift in Sources */,
				603FF51C1DAE3AD2007E1C50 /* PluginsTableViewController.swift in Sources */,
				606D92451DB677BD00DBD78A /* SelectPlayerTableViewCell.swift in Sources */,
				60BC9ED81D9D148D00AEBBFF /* LastFmManager.swift in Sources */,
				6005E4EB1D9916A5000B80AE /* TrackObject.swift in Sources */,
				603FF51E1DAE3CBD007E1C50 /* PluginDetailViewController.swift in Sources */,
				6074D2771DBDFE35000F2285 /* SwiftNotice.swift in Sources */,
				6023A9AF1DAACD9C009810EF /* SettingsViewController.swift in Sources */,
				606D92431DB6301700DBD78A /* SearchVolumioViewController.swift in Sources */,
				6028038A1DA031E200055D42 /* BrowseSourcesTableViewController.swift in Sources */,
				60E781A11DABE76300C48A43 /* FolderTableViewCell.swift in Sources */,
				6072D0351DAD3271006D7E45 /* PowerOnSwitchView.swift in Sources */,
				602803901DA25CF500055D42 /* QueueTableViewController.swift in Sources */,
				602803931DA27DE500055D42 /* TrackTableViewCell.swift in Sources */,
				60AE8C7D1DBA4C5900B1E0C8 /* NetworksTableViewController.swift in Sources */,
				606D92381DB4BC1A00DBD78A /* LoadingViewController.swift in Sources */,
				605743A91DB143A10087F363 /* SourceObject.swift in Sources */,
				60FD46DB1D928CE700E2E155 /* SocketIOManager.swift in Sources */,
				6074D2821DBE5125000F2285 /* BrowseFolderTableViewController.swift in Sources */,
				606D923D1DB4D3BA00DBD78A /* PluginTableViewCell.swift in Sources */,
				606D923B1DB4C80300DBD78A /* PluginObject.swift in Sources */,
				607ADC701DBF42680090F038 /* QueueTableViewCell.swift in Sources */,
				606D923F1DB4D4FD00DBD78A /* Extensions.swift in Sources */,
				602803881DA02E1600055D42 /* TabBarViewController.swift in Sources */,
				60E781991DABCC9800C48A43 /* LibraryObject.swift in Sources */,
				6072D0321DAD31A1006D7E45 /* QCMethod.swift in Sources */,
				601424791D9173A3001159B2 /* PlaybackViewController.swift in Sources */,
				6074D2731DBB899C000F2285 /* BrowseSearchTableViewController.swift in Sources */,
				60AE8C7F1DBA4F0900B1E0C8 /* NetworkObject.swift in Sources */,
				6074D2751DBB9273000F2285 /* SearchResultObject.swift in Sources */,
			);
			runOnlyForDeploymentPostprocessing = 0;
		};
/* End PBXSourcesBuildPhase section */

/* Begin PBXTargetDependency section */
		602803A51DA2C0CF00055D42 /* PBXTargetDependency */ = {
			isa = PBXTargetDependency;
			target = 602803A11DA2C0CF00055D42 /* Volumio Extension */;
			targetProxy = 602803A41DA2C0CF00055D42 /* PBXContainerItemProxy */;
		};
		602803B51DA2C0CF00055D42 /* PBXTargetDependency */ = {
			isa = PBXTargetDependency;
			target = 602803951DA2C0CF00055D42 /* Volumio */;
			targetProxy = 602803B41DA2C0CF00055D42 /* PBXContainerItemProxy */;
		};
/* End PBXTargetDependency section */

/* Begin PBXVariantGroup section */
		602803981DA2C0CF00055D42 /* Interface.storyboard */ = {
			isa = PBXVariantGroup;
			children = (
				602803991DA2C0CF00055D42 /* Base */,
			);
			name = Interface.storyboard;
			sourceTree = "<group>";
		};
		6086E2B51D9133A50067A8B5 /* LaunchScreen.storyboard */ = {
			isa = PBXVariantGroup;
			children = (
				6086E2B61D9133A50067A8B5 /* Base */,
			);
			name = LaunchScreen.storyboard;
			sourceTree = "<group>";
		};
/* End PBXVariantGroup section */

/* Begin XCBuildConfiguration section */
		602803B71DA2C0CF00055D42 /* Debug */ = {
			isa = XCBuildConfiguration;
			buildSettings = {
				ALWAYS_EMBED_SWIFT_STANDARD_LIBRARIES = YES;
				ASSETCATALOG_COMPILER_APPICON_NAME = AppIcon;
				DEVELOPMENT_TEAM = 7VJCA99LU5;
				IBSC_MODULE = Volumio_Extension;
				INFOPLIST_FILE = Volumio/Info.plist;
				PRODUCT_BUNDLE_IDENTIFIER = fsintucci.volumio.watchkitapp;
				PRODUCT_NAME = "$(TARGET_NAME)";
				SDKROOT = watchos;
				SKIP_INSTALL = YES;
				SWIFT_VERSION = 3.0;
				TARGETED_DEVICE_FAMILY = 4;
				WATCHOS_DEPLOYMENT_TARGET = 3.0;
			};
			name = Debug;
		};
		602803B81DA2C0CF00055D42 /* Release */ = {
			isa = XCBuildConfiguration;
			buildSettings = {
				ALWAYS_EMBED_SWIFT_STANDARD_LIBRARIES = YES;
				ASSETCATALOG_COMPILER_APPICON_NAME = AppIcon;
				DEVELOPMENT_TEAM = 7VJCA99LU5;
				IBSC_MODULE = Volumio_Extension;
				INFOPLIST_FILE = Volumio/Info.plist;
				PRODUCT_BUNDLE_IDENTIFIER = fsintucci.volumio.watchkitapp;
				PRODUCT_NAME = "$(TARGET_NAME)";
				SDKROOT = watchos;
				SKIP_INSTALL = YES;
				SWIFT_VERSION = 3.0;
				TARGETED_DEVICE_FAMILY = 4;
				WATCHOS_DEPLOYMENT_TARGET = 3.0;
			};
			name = Release;
		};
		602803B91DA2C0CF00055D42 /* Debug */ = {
			isa = XCBuildConfiguration;
			buildSettings = {
				ASSETCATALOG_COMPILER_COMPLICATION_NAME = Complication;
				DEVELOPMENT_TEAM = 7VJCA99LU5;
				INFOPLIST_FILE = "Volumio Extension/Info.plist";
				LD_RUNPATH_SEARCH_PATHS = "$(inherited) @executable_path/Frameworks @executable_path/../../Frameworks";
				PRODUCT_BUNDLE_IDENTIFIER = fsintucci.volumio.watchkitapp.watchkitextension;
				PRODUCT_NAME = "${TARGET_NAME}";
				SDKROOT = watchos;
				SKIP_INSTALL = YES;
				SWIFT_VERSION = 3.0;
				TARGETED_DEVICE_FAMILY = 4;
				WATCHOS_DEPLOYMENT_TARGET = 3.0;
			};
			name = Debug;
		};
		602803BA1DA2C0CF00055D42 /* Release */ = {
			isa = XCBuildConfiguration;
			buildSettings = {
				ASSETCATALOG_COMPILER_COMPLICATION_NAME = Complication;
				DEVELOPMENT_TEAM = 7VJCA99LU5;
				INFOPLIST_FILE = "Volumio Extension/Info.plist";
				LD_RUNPATH_SEARCH_PATHS = "$(inherited) @executable_path/Frameworks @executable_path/../../Frameworks";
				PRODUCT_BUNDLE_IDENTIFIER = fsintucci.volumio.watchkitapp.watchkitextension;
				PRODUCT_NAME = "${TARGET_NAME}";
				SDKROOT = watchos;
				SKIP_INSTALL = YES;
				SWIFT_VERSION = 3.0;
				TARGETED_DEVICE_FAMILY = 4;
				WATCHOS_DEPLOYMENT_TARGET = 3.0;
			};
			name = Release;
		};
		6086E2B91D9133A50067A8B5 /* Debug */ = {
			isa = XCBuildConfiguration;
			buildSettings = {
				ALWAYS_SEARCH_USER_PATHS = NO;
				CLANG_ANALYZER_NONNULL = YES;
				CLANG_CXX_LANGUAGE_STANDARD = "gnu++0x";
				CLANG_CXX_LIBRARY = "libc++";
				CLANG_ENABLE_MODULES = YES;
				CLANG_ENABLE_OBJC_ARC = YES;
				CLANG_WARN_BOOL_CONVERSION = YES;
				CLANG_WARN_CONSTANT_CONVERSION = YES;
				CLANG_WARN_DIRECT_OBJC_ISA_USAGE = YES_ERROR;
				CLANG_WARN_DOCUMENTATION_COMMENTS = YES;
				CLANG_WARN_EMPTY_BODY = YES;
				CLANG_WARN_ENUM_CONVERSION = YES;
				CLANG_WARN_INFINITE_RECURSION = YES;
				CLANG_WARN_INT_CONVERSION = YES;
				CLANG_WARN_OBJC_ROOT_CLASS = YES_ERROR;
				CLANG_WARN_SUSPICIOUS_MOVE = YES;
				CLANG_WARN_SUSPICIOUS_MOVES = YES;
				CLANG_WARN_UNREACHABLE_CODE = YES;
				CLANG_WARN__DUPLICATE_METHOD_MATCH = YES;
				"CODE_SIGN_IDENTITY[sdk=iphoneos*]" = "iPhone Developer";
				COPY_PHASE_STRIP = NO;
				DEBUG_INFORMATION_FORMAT = dwarf;
				ENABLE_STRICT_OBJC_MSGSEND = YES;
				ENABLE_TESTABILITY = YES;
				GCC_C_LANGUAGE_STANDARD = gnu99;
				GCC_DYNAMIC_NO_PIC = NO;
				GCC_NO_COMMON_BLOCKS = YES;
				GCC_OPTIMIZATION_LEVEL = 0;
				GCC_PREPROCESSOR_DEFINITIONS = (
					"DEBUG=1",
					"$(inherited)",
				);
				GCC_WARN_64_TO_32_BIT_CONVERSION = YES;
				GCC_WARN_ABOUT_RETURN_TYPE = YES_ERROR;
				GCC_WARN_UNDECLARED_SELECTOR = YES;
				GCC_WARN_UNINITIALIZED_AUTOS = YES_AGGRESSIVE;
				GCC_WARN_UNUSED_FUNCTION = YES;
				GCC_WARN_UNUSED_VARIABLE = YES;
				IPHONEOS_DEPLOYMENT_TARGET = 10.0;
				MTL_ENABLE_DEBUG_INFO = YES;
				ONLY_ACTIVE_ARCH = YES;
				SDKROOT = iphoneos;
				SWIFT_ACTIVE_COMPILATION_CONDITIONS = DEBUG;
				SWIFT_OPTIMIZATION_LEVEL = "-Onone";
			};
			name = Debug;
		};
		6086E2BA1D9133A50067A8B5 /* Release */ = {
			isa = XCBuildConfiguration;
			buildSettings = {
				ALWAYS_SEARCH_USER_PATHS = NO;
				CLANG_ANALYZER_NONNULL = YES;
				CLANG_CXX_LANGUAGE_STANDARD = "gnu++0x";
				CLANG_CXX_LIBRARY = "libc++";
				CLANG_ENABLE_MODULES = YES;
				CLANG_ENABLE_OBJC_ARC = YES;
				CLANG_WARN_BOOL_CONVERSION = YES;
				CLANG_WARN_CONSTANT_CONVERSION = YES;
				CLANG_WARN_DIRECT_OBJC_ISA_USAGE = YES_ERROR;
				CLANG_WARN_DOCUMENTATION_COMMENTS = YES;
				CLANG_WARN_EMPTY_BODY = YES;
				CLANG_WARN_ENUM_CONVERSION = YES;
				CLANG_WARN_INFINITE_RECURSION = YES;
				CLANG_WARN_INT_CONVERSION = YES;
				CLANG_WARN_OBJC_ROOT_CLASS = YES_ERROR;
				CLANG_WARN_SUSPICIOUS_MOVE = YES;
				CLANG_WARN_SUSPICIOUS_MOVES = YES;
				CLANG_WARN_UNREACHABLE_CODE = YES;
				CLANG_WARN__DUPLICATE_METHOD_MATCH = YES;
				"CODE_SIGN_IDENTITY[sdk=iphoneos*]" = "iPhone Developer";
				COPY_PHASE_STRIP = NO;
				DEBUG_INFORMATION_FORMAT = "dwarf-with-dsym";
				ENABLE_NS_ASSERTIONS = NO;
				ENABLE_STRICT_OBJC_MSGSEND = YES;
				GCC_C_LANGUAGE_STANDARD = gnu99;
				GCC_NO_COMMON_BLOCKS = YES;
				GCC_WARN_64_TO_32_BIT_CONVERSION = YES;
				GCC_WARN_ABOUT_RETURN_TYPE = YES_ERROR;
				GCC_WARN_UNDECLARED_SELECTOR = YES;
				GCC_WARN_UNINITIALIZED_AUTOS = YES_AGGRESSIVE;
				GCC_WARN_UNUSED_FUNCTION = YES;
				GCC_WARN_UNUSED_VARIABLE = YES;
				IPHONEOS_DEPLOYMENT_TARGET = 10.0;
				MTL_ENABLE_DEBUG_INFO = NO;
				SDKROOT = iphoneos;
				SWIFT_OPTIMIZATION_LEVEL = "-Owholemodule";
				VALIDATE_PRODUCT = YES;
			};
			name = Release;
		};
		6086E2BC1D9133A50067A8B5 /* Debug */ = {
			isa = XCBuildConfiguration;
			baseConfigurationReference = 34E1700E8CD6C8F51FA00170 /* Pods-Volumio-iOS.debug.xcconfig */;
			buildSettings = {
				ALWAYS_EMBED_SWIFT_STANDARD_LIBRARIES = YES;
				ASSETCATALOG_COMPILER_APPICON_NAME = AppIcon;
				DEVELOPMENT_TEAM = 7VJCA99LU5;
				INFOPLIST_FILE = "Volumio-iOS/Info.plist";
				IPHONEOS_DEPLOYMENT_TARGET = 10.0;
				LD_RUNPATH_SEARCH_PATHS = "$(inherited) @executable_path/Frameworks";
				PRODUCT_BUNDLE_IDENTIFIER = fsintucci.volumio;
				PRODUCT_NAME = "$(TARGET_NAME)";
				SWIFT_VERSION = 3.0;
			};
			name = Debug;
		};
		6086E2BD1D9133A50067A8B5 /* Release */ = {
			isa = XCBuildConfiguration;
			baseConfigurationReference = E501DC537BB78B6FDB36A4E0 /* Pods-Volumio-iOS.release.xcconfig */;
			buildSettings = {
				ALWAYS_EMBED_SWIFT_STANDARD_LIBRARIES = YES;
				ASSETCATALOG_COMPILER_APPICON_NAME = AppIcon;
				DEVELOPMENT_TEAM = 7VJCA99LU5;
				INFOPLIST_FILE = "Volumio-iOS/Info.plist";
				IPHONEOS_DEPLOYMENT_TARGET = 10.0;
				LD_RUNPATH_SEARCH_PATHS = "$(inherited) @executable_path/Frameworks";
				PRODUCT_BUNDLE_IDENTIFIER = fsintucci.volumio;
				PRODUCT_NAME = "$(TARGET_NAME)";
				SWIFT_VERSION = 3.0;
			};
			name = Release;
		};
/* End XCBuildConfiguration section */

/* Begin XCConfigurationList section */
		602803BB1DA2C0CF00055D42 /* Build configuration list for PBXNativeTarget "Volumio Extension" */ = {
			isa = XCConfigurationList;
			buildConfigurations = (
				602803B91DA2C0CF00055D42 /* Debug */,
				602803BA1DA2C0CF00055D42 /* Release */,
			);
			defaultConfigurationIsVisible = 0;
			defaultConfigurationName = Release;
		};
		602803BD1DA2C0CF00055D42 /* Build configuration list for PBXNativeTarget "Volumio" */ = {
			isa = XCConfigurationList;
			buildConfigurations = (
				602803B71DA2C0CF00055D42 /* Debug */,
				602803B81DA2C0CF00055D42 /* Release */,
			);
			defaultConfigurationIsVisible = 0;
			defaultConfigurationName = Release;
		};
		6086E2A21D9133A50067A8B5 /* Build configuration list for PBXProject "Volumio-iOS" */ = {
			isa = XCConfigurationList;
			buildConfigurations = (
				6086E2B91D9133A50067A8B5 /* Debug */,
				6086E2BA1D9133A50067A8B5 /* Release */,
			);
			defaultConfigurationIsVisible = 0;
			defaultConfigurationName = Release;
		};
		6086E2BB1D9133A50067A8B5 /* Build configuration list for PBXNativeTarget "Volumio-iOS" */ = {
			isa = XCConfigurationList;
			buildConfigurations = (
				6086E2BC1D9133A50067A8B5 /* Debug */,
				6086E2BD1D9133A50067A8B5 /* Release */,
			);
			defaultConfigurationIsVisible = 0;
			defaultConfigurationName = Release;
		};
/* End XCConfigurationList section */
	};
	rootObject = 6086E29F1D9133A50067A8B5 /* Project object */;
}
